// !$*UTF8*$!
{
	archiveVersion = 1;
	classes = {
	};
	objectVersion = 51;
	objects = {

/* Begin PBXBuildFile section */
		0210D06C25F93E9D00555700 /* CommentCell.swift in Sources */ = {isa = PBXBuildFile; fileRef = 0210D06B25F93E9D00555700 /* CommentCell.swift */; };
		0213EC6825F884E90070AAFF /* SearchBarCell.swift in Sources */ = {isa = PBXBuildFile; fileRef = 0213EC6725F884E90070AAFF /* SearchBarCell.swift */; };
		0213EC6D25F8DE2B0070AAFF /* SearchSectionHeader.swift in Sources */ = {isa = PBXBuildFile; fileRef = 0213EC6C25F8DE2B0070AAFF /* SearchSectionHeader.swift */; };
		0213EC7625F90F480070AAFF /* CommentModel.swift in Sources */ = {isa = PBXBuildFile; fileRef = 0213EC7525F90F480070AAFF /* CommentModel.swift */; };
		0213EC7925F927840070AAFF /* VideoHeader.swift in Sources */ = {isa = PBXBuildFile; fileRef = 0213EC7825F927840070AAFF /* VideoHeader.swift */; };
		021DB93525E9449F006227BA /* MKTabItemData.swift in Sources */ = {isa = PBXBuildFile; fileRef = 021DB93425E9449F006227BA /* MKTabItemData.swift */; };
		021DB93825E944BE006227BA /* MKTabBar.swift in Sources */ = {isa = PBXBuildFile; fileRef = 021DB93725E944BE006227BA /* MKTabBar.swift */; };
		0251CC0625F2AB4F00970D3E /* AlbumDetailVC.swift in Sources */ = {isa = PBXBuildFile; fileRef = 0251CC0525F2AB4F00970D3E /* AlbumDetailVC.swift */; };
		0251CC0925F2AB9B00970D3E /* VideoDetailVC.swift in Sources */ = {isa = PBXBuildFile; fileRef = 0251CC0825F2AB9B00970D3E /* VideoDetailVC.swift */; };
		0251CC0C25F2AEFC00970D3E /* ArtistBioCell.swift in Sources */ = {isa = PBXBuildFile; fileRef = 0251CC0B25F2AEFC00970D3E /* ArtistBioCell.swift */; };
		02575B7B25EE938100DA0AA0 /* VideoSliderCell.swift in Sources */ = {isa = PBXBuildFile; fileRef = 02575B7A25EE938100DA0AA0 /* VideoSliderCell.swift */; };
		0279279325ED05BC00A67B64 /* VideoSliderTitleModel.swift in Sources */ = {isa = PBXBuildFile; fileRef = 0279279225ED05BC00A67B64 /* VideoSliderTitleModel.swift */; };
		027927AF25ED3F1E00A67B64 /* StoryCell.swift in Sources */ = {isa = PBXBuildFile; fileRef = 027927AE25ED3F1E00A67B64 /* StoryCell.swift */; };
		0288BAD825F646A400D0EB9C /* ArtistPhotoHeader.swift in Sources */ = {isa = PBXBuildFile; fileRef = 0288BAD725F646A400D0EB9C /* ArtistPhotoHeader.swift */; };
		0288BAEE25F797B700D0EB9C /* AlbumCell.swift in Sources */ = {isa = PBXBuildFile; fileRef = 0288BAED25F797B700D0EB9C /* AlbumCell.swift */; };
		0288BAF125F7F3C400D0EB9C /* AlbumHeader.swift in Sources */ = {isa = PBXBuildFile; fileRef = 0288BAF025F7F3C300D0EB9C /* AlbumHeader.swift */; };
		0288BAF525F7F87500D0EB9C /* WatchedVideoModel.swift in Sources */ = {isa = PBXBuildFile; fileRef = 0288BAF425F7F87500D0EB9C /* WatchedVideoModel.swift */; };
		0288BAFA25F8825D00D0EB9C /* WatchedVideoCell.swift in Sources */ = {isa = PBXBuildFile; fileRef = 0288BAF925F8825D00D0EB9C /* WatchedVideoCell.swift */; };
		02ABC57825FA183A00917B85 /* WriteCommentView.swift in Sources */ = {isa = PBXBuildFile; fileRef = 02ABC57725FA183A00917B85 /* WriteCommentView.swift */; };
		02ABC57D25FA6CCF00917B85 /* UIView+extension.swift in Sources */ = {isa = PBXBuildFile; fileRef = 02ABC57C25FA6CCF00917B85 /* UIView+extension.swift */; };
		02ABC58625FA731A00917B85 /* WriteCommentViewDelegate.swift in Sources */ = {isa = PBXBuildFile; fileRef = 02ABC58525FA731A00917B85 /* WriteCommentViewDelegate.swift */; };
		02B8293225E8BA5F009D1AF7 /* AppDelegate.swift in Sources */ = {isa = PBXBuildFile; fileRef = 02B8293125E8BA5F009D1AF7 /* AppDelegate.swift */; };
		02B8293425E8BA60009D1AF7 /* SceneDelegate.swift in Sources */ = {isa = PBXBuildFile; fileRef = 02B8293325E8BA60009D1AF7 /* SceneDelegate.swift */; };
		02B8293825E8BA61009D1AF7 /* Assets.xcassets in Resources */ = {isa = PBXBuildFile; fileRef = 02B8293725E8BA61009D1AF7 /* Assets.xcassets */; };
		02B8293B25E8BA61009D1AF7 /* Preview Assets.xcassets in Resources */ = {isa = PBXBuildFile; fileRef = 02B8293A25E8BA61009D1AF7 /* Preview Assets.xcassets */; };
		02B8293E25E8BA61009D1AF7 /* LaunchScreen.storyboard in Resources */ = {isa = PBXBuildFile; fileRef = 02B8293C25E8BA61009D1AF7 /* LaunchScreen.storyboard */; };
		02B8295025E8BD64009D1AF7 /* HomeVC.swift in Sources */ = {isa = PBXBuildFile; fileRef = 02B8294F25E8BD64009D1AF7 /* HomeVC.swift */; };
		02B8295325E8BE2A009D1AF7 /* UIColor+extension.swift in Sources */ = {isa = PBXBuildFile; fileRef = 02B8295225E8BE2A009D1AF7 /* UIColor+extension.swift */; };
		02B8296025E8C5F7009D1AF7 /* MKTabBarController.swift in Sources */ = {isa = PBXBuildFile; fileRef = 02B8295F25E8C5F7009D1AF7 /* MKTabBarController.swift */; };
		02B8296425E8C7B1009D1AF7 /* SearchVC.swift in Sources */ = {isa = PBXBuildFile; fileRef = 02B8296325E8C7B1009D1AF7 /* SearchVC.swift */; };
		02B8296725E8C7B7009D1AF7 /* AddNewVC.swift in Sources */ = {isa = PBXBuildFile; fileRef = 02B8296625E8C7B7009D1AF7 /* AddNewVC.swift */; };
		02B8296A25E8C7C0009D1AF7 /* NotificationVC.swift in Sources */ = {isa = PBXBuildFile; fileRef = 02B8296925E8C7C0009D1AF7 /* NotificationVC.swift */; };
		02B8296D25E8C7C7009D1AF7 /* ProfileVC.swift in Sources */ = {isa = PBXBuildFile; fileRef = 02B8296C25E8C7C7009D1AF7 /* ProfileVC.swift */; };
		02C2474F260759C3005443E6 /* NotificationCell.swift in Sources */ = {isa = PBXBuildFile; fileRef = 02C2474E260759C3005443E6 /* NotificationCell.swift */; };
		02C24752260759E8005443E6 /* NotificationModel.swift in Sources */ = {isa = PBXBuildFile; fileRef = 02C24751260759E8005443E6 /* NotificationModel.swift */; };
		02D6A26F25F1356E008E7417 /* StoryHeader.swift in Sources */ = {isa = PBXBuildFile; fileRef = 02D6A26E25F1356E008E7417 /* StoryHeader.swift */; };
		02D6A27225F13805008E7417 /* ForYouAlbumCell.swift in Sources */ = {isa = PBXBuildFile; fileRef = 02D6A27125F13805008E7417 /* ForYouAlbumCell.swift */; };
		02D6A27525F1381C008E7417 /* AlbumModel.swift in Sources */ = {isa = PBXBuildFile; fileRef = 02D6A27425F1381C008E7417 /* AlbumModel.swift */; };
		02D6A27925F259E3008E7417 /* ForYouAlbumHeader.swift in Sources */ = {isa = PBXBuildFile; fileRef = 02D6A27825F259E3008E7417 /* ForYouAlbumHeader.swift */; };
		02E19B6125EEAD5D00F15DE4 /* VideoSliderHeader.swift in Sources */ = {isa = PBXBuildFile; fileRef = 02E19B6025EEAD5D00F15DE4 /* VideoSliderHeader.swift */; };
		02E19B6425EF4EEC00F15DE4 /* StoryModel.swift in Sources */ = {isa = PBXBuildFile; fileRef = 02E19B6325EF4EEC00F15DE4 /* StoryModel.swift */; };
		A8CD53C47159998B9BA2EA6C /* Pods_MusicBox.framework in Frameworks */ = {isa = PBXBuildFile; fileRef = AF3518C0D0676DD59DDC5793 /* Pods_MusicBox.framework */; };
/* End PBXBuildFile section */

/* Begin PBXFileReference section */
		0210D06B25F93E9D00555700 /* CommentCell.swift */ = {isa = PBXFileReference; lastKnownFileType = sourcecode.swift; path = CommentCell.swift; sourceTree = "<group>"; };
		0213EC6725F884E90070AAFF /* SearchBarCell.swift */ = {isa = PBXFileReference; lastKnownFileType = sourcecode.swift; path = SearchBarCell.swift; sourceTree = "<group>"; };
		0213EC6C25F8DE2B0070AAFF /* SearchSectionHeader.swift */ = {isa = PBXFileReference; lastKnownFileType = sourcecode.swift; path = SearchSectionHeader.swift; sourceTree = "<group>"; };
		0213EC7525F90F480070AAFF /* CommentModel.swift */ = {isa = PBXFileReference; lastKnownFileType = sourcecode.swift; path = CommentModel.swift; sourceTree = "<group>"; };
		0213EC7825F927840070AAFF /* VideoHeader.swift */ = {isa = PBXFileReference; lastKnownFileType = sourcecode.swift; path = VideoHeader.swift; sourceTree = "<group>"; };
		021DB93425E9449F006227BA /* MKTabItemData.swift */ = {isa = PBXFileReference; lastKnownFileType = sourcecode.swift; path = MKTabItemData.swift; sourceTree = "<group>"; };
		021DB93725E944BE006227BA /* MKTabBar.swift */ = {isa = PBXFileReference; lastKnownFileType = sourcecode.swift; path = MKTabBar.swift; sourceTree = "<group>"; };
		0251CC0525F2AB4F00970D3E /* AlbumDetailVC.swift */ = {isa = PBXFileReference; lastKnownFileType = sourcecode.swift; path = AlbumDetailVC.swift; sourceTree = "<group>"; };
		0251CC0825F2AB9B00970D3E /* VideoDetailVC.swift */ = {isa = PBXFileReference; lastKnownFileType = sourcecode.swift; path = VideoDetailVC.swift; sourceTree = "<group>"; };
		0251CC0B25F2AEFC00970D3E /* ArtistBioCell.swift */ = {isa = PBXFileReference; lastKnownFileType = sourcecode.swift; path = ArtistBioCell.swift; sourceTree = "<group>"; };
		02575B7A25EE938100DA0AA0 /* VideoSliderCell.swift */ = {isa = PBXFileReference; lastKnownFileType = sourcecode.swift; path = VideoSliderCell.swift; sourceTree = "<group>"; };
		0279279225ED05BC00A67B64 /* VideoSliderTitleModel.swift */ = {isa = PBXFileReference; lastKnownFileType = sourcecode.swift; path = VideoSliderTitleModel.swift; sourceTree = "<group>"; };
		027927AE25ED3F1E00A67B64 /* StoryCell.swift */ = {isa = PBXFileReference; lastKnownFileType = sourcecode.swift; path = StoryCell.swift; sourceTree = "<group>"; };
		0288BAD725F646A400D0EB9C /* ArtistPhotoHeader.swift */ = {isa = PBXFileReference; lastKnownFileType = sourcecode.swift; path = ArtistPhotoHeader.swift; sourceTree = "<group>"; };
		0288BAED25F797B700D0EB9C /* AlbumCell.swift */ = {isa = PBXFileReference; lastKnownFileType = sourcecode.swift; path = AlbumCell.swift; sourceTree = "<group>"; };
		0288BAF025F7F3C300D0EB9C /* AlbumHeader.swift */ = {isa = PBXFileReference; lastKnownFileType = sourcecode.swift; path = AlbumHeader.swift; sourceTree = "<group>"; };
		0288BAF425F7F87500D0EB9C /* WatchedVideoModel.swift */ = {isa = PBXFileReference; lastKnownFileType = sourcecode.swift; path = WatchedVideoModel.swift; sourceTree = "<group>"; };
		0288BAF925F8825D00D0EB9C /* WatchedVideoCell.swift */ = {isa = PBXFileReference; lastKnownFileType = sourcecode.swift; path = WatchedVideoCell.swift; sourceTree = "<group>"; };
		02ABC57725FA183A00917B85 /* WriteCommentView.swift */ = {isa = PBXFileReference; lastKnownFileType = sourcecode.swift; path = WriteCommentView.swift; sourceTree = "<group>"; };
		02ABC57C25FA6CCF00917B85 /* UIView+extension.swift */ = {isa = PBXFileReference; lastKnownFileType = sourcecode.swift; path = "UIView+extension.swift"; sourceTree = "<group>"; };
		02ABC58525FA731A00917B85 /* WriteCommentViewDelegate.swift */ = {isa = PBXFileReference; lastKnownFileType = sourcecode.swift; path = WriteCommentViewDelegate.swift; sourceTree = "<group>"; };
		02B8292E25E8BA5F009D1AF7 /* MusicBox.app */ = {isa = PBXFileReference; explicitFileType = wrapper.application; includeInIndex = 0; path = MusicBox.app; sourceTree = BUILT_PRODUCTS_DIR; };
		02B8293125E8BA5F009D1AF7 /* AppDelegate.swift */ = {isa = PBXFileReference; lastKnownFileType = sourcecode.swift; path = AppDelegate.swift; sourceTree = "<group>"; };
		02B8293325E8BA60009D1AF7 /* SceneDelegate.swift */ = {isa = PBXFileReference; lastKnownFileType = sourcecode.swift; path = SceneDelegate.swift; sourceTree = "<group>"; };
		02B8293725E8BA61009D1AF7 /* Assets.xcassets */ = {isa = PBXFileReference; lastKnownFileType = folder.assetcatalog; path = Assets.xcassets; sourceTree = "<group>"; };
		02B8293A25E8BA61009D1AF7 /* Preview Assets.xcassets */ = {isa = PBXFileReference; lastKnownFileType = folder.assetcatalog; path = "Preview Assets.xcassets"; sourceTree = "<group>"; };
		02B8293D25E8BA61009D1AF7 /* Base */ = {isa = PBXFileReference; lastKnownFileType = file.storyboard; name = Base; path = Base.lproj/LaunchScreen.storyboard; sourceTree = "<group>"; };
		02B8293F25E8BA61009D1AF7 /* Info.plist */ = {isa = PBXFileReference; lastKnownFileType = text.plist.xml; path = Info.plist; sourceTree = "<group>"; };
		02B8294F25E8BD64009D1AF7 /* HomeVC.swift */ = {isa = PBXFileReference; lastKnownFileType = sourcecode.swift; path = HomeVC.swift; sourceTree = "<group>"; };
		02B8295225E8BE2A009D1AF7 /* UIColor+extension.swift */ = {isa = PBXFileReference; lastKnownFileType = sourcecode.swift; path = "UIColor+extension.swift"; sourceTree = "<group>"; };
		02B8295F25E8C5F7009D1AF7 /* MKTabBarController.swift */ = {isa = PBXFileReference; lastKnownFileType = sourcecode.swift; path = MKTabBarController.swift; sourceTree = "<group>"; };
		02B8296325E8C7B1009D1AF7 /* SearchVC.swift */ = {isa = PBXFileReference; lastKnownFileType = sourcecode.swift; path = SearchVC.swift; sourceTree = "<group>"; };
		02B8296625E8C7B7009D1AF7 /* AddNewVC.swift */ = {isa = PBXFileReference; lastKnownFileType = sourcecode.swift; path = AddNewVC.swift; sourceTree = "<group>"; };
		02B8296925E8C7C0009D1AF7 /* NotificationVC.swift */ = {isa = PBXFileReference; lastKnownFileType = sourcecode.swift; path = NotificationVC.swift; sourceTree = "<group>"; };
		02B8296C25E8C7C7009D1AF7 /* ProfileVC.swift */ = {isa = PBXFileReference; lastKnownFileType = sourcecode.swift; path = ProfileVC.swift; sourceTree = "<group>"; };
		02C2474E260759C3005443E6 /* NotificationCell.swift */ = {isa = PBXFileReference; lastKnownFileType = sourcecode.swift; path = NotificationCell.swift; sourceTree = "<group>"; };
		02C24751260759E8005443E6 /* NotificationModel.swift */ = {isa = PBXFileReference; lastKnownFileType = sourcecode.swift; path = NotificationModel.swift; sourceTree = "<group>"; };
		02D6A26E25F1356E008E7417 /* StoryHeader.swift */ = {isa = PBXFileReference; lastKnownFileType = sourcecode.swift; path = StoryHeader.swift; sourceTree = "<group>"; };
		02D6A27125F13805008E7417 /* ForYouAlbumCell.swift */ = {isa = PBXFileReference; lastKnownFileType = sourcecode.swift; path = ForYouAlbumCell.swift; sourceTree = "<group>"; };
		02D6A27425F1381C008E7417 /* AlbumModel.swift */ = {isa = PBXFileReference; lastKnownFileType = sourcecode.swift; path = AlbumModel.swift; sourceTree = "<group>"; };
		02D6A27825F259E3008E7417 /* ForYouAlbumHeader.swift */ = {isa = PBXFileReference; lastKnownFileType = sourcecode.swift; path = ForYouAlbumHeader.swift; sourceTree = "<group>"; };
		02E19B6025EEAD5D00F15DE4 /* VideoSliderHeader.swift */ = {isa = PBXFileReference; lastKnownFileType = sourcecode.swift; path = VideoSliderHeader.swift; sourceTree = "<group>"; };
		02E19B6325EF4EEC00F15DE4 /* StoryModel.swift */ = {isa = PBXFileReference; lastKnownFileType = sourcecode.swift; path = StoryModel.swift; sourceTree = "<group>"; };
		1E7E6214F3D705B70630745B /* Pods-MusicBox.release.xcconfig */ = {isa = PBXFileReference; includeInIndex = 1; lastKnownFileType = text.xcconfig; name = "Pods-MusicBox.release.xcconfig"; path = "Target Support Files/Pods-MusicBox/Pods-MusicBox.release.xcconfig"; sourceTree = "<group>"; };
		A7C58F27C55382FEF71BF315 /* Pods-MusicBox.debug.xcconfig */ = {isa = PBXFileReference; includeInIndex = 1; lastKnownFileType = text.xcconfig; name = "Pods-MusicBox.debug.xcconfig"; path = "Target Support Files/Pods-MusicBox/Pods-MusicBox.debug.xcconfig"; sourceTree = "<group>"; };
		AF3518C0D0676DD59DDC5793 /* Pods_MusicBox.framework */ = {isa = PBXFileReference; explicitFileType = wrapper.framework; includeInIndex = 0; path = Pods_MusicBox.framework; sourceTree = BUILT_PRODUCTS_DIR; };
/* End PBXFileReference section */

/* Begin PBXFrameworksBuildPhase section */
		02B8292B25E8BA5F009D1AF7 /* Frameworks */ = {
			isa = PBXFrameworksBuildPhase;
			buildActionMask = 2147483647;
			files = (
				A8CD53C47159998B9BA2EA6C /* Pods_MusicBox.framework in Frameworks */,
			);
			runOnlyForDeploymentPostprocessing = 0;
		};
/* End PBXFrameworksBuildPhase section */

/* Begin PBXGroup section */
		021DB93D25E9FF3A006227BA /* CollectionView */ = {
			isa = PBXGroup;
			children = (
				0279278C25EBEBBB00A67B64 /* Headers */,
				0279278B25EBEBB500A67B64 /* Cells */,
			);
			path = CollectionView;
			sourceTree = "<group>";
		};
		0279278B25EBEBB500A67B64 /* Cells */ = {
			isa = PBXGroup;
			children = (
				02575B7A25EE938100DA0AA0 /* VideoSliderCell.swift */,
				027927AE25ED3F1E00A67B64 /* StoryCell.swift */,
				02D6A27125F13805008E7417 /* ForYouAlbumCell.swift */,
				0251CC0B25F2AEFC00970D3E /* ArtistBioCell.swift */,
				0288BAED25F797B700D0EB9C /* AlbumCell.swift */,
				0213EC6725F884E90070AAFF /* SearchBarCell.swift */,
				0288BAF925F8825D00D0EB9C /* WatchedVideoCell.swift */,
				0210D06B25F93E9D00555700 /* CommentCell.swift */,
				02C2474E260759C3005443E6 /* NotificationCell.swift */,
			);
			path = Cells;
			sourceTree = "<group>";
		};
		0279278C25EBEBBB00A67B64 /* Headers */ = {
			isa = PBXGroup;
			children = (
				02E19B6025EEAD5D00F15DE4 /* VideoSliderHeader.swift */,
				02D6A26E25F1356E008E7417 /* StoryHeader.swift */,
				02D6A27825F259E3008E7417 /* ForYouAlbumHeader.swift */,
				0288BAD725F646A400D0EB9C /* ArtistPhotoHeader.swift */,
				0288BAF025F7F3C300D0EB9C /* AlbumHeader.swift */,
				0213EC6C25F8DE2B0070AAFF /* SearchSectionHeader.swift */,
			);
			path = Headers;
			sourceTree = "<group>";
		};
		0279279125ED05A800A67B64 /* Models */ = {
			isa = PBXGroup;
			children = (
				0279279225ED05BC00A67B64 /* VideoSliderTitleModel.swift */,
				02E19B6325EF4EEC00F15DE4 /* StoryModel.swift */,
				02D6A27425F1381C008E7417 /* AlbumModel.swift */,
				0288BAF425F7F87500D0EB9C /* WatchedVideoModel.swift */,
				0213EC7525F90F480070AAFF /* CommentModel.swift */,
				02C24751260759E8005443E6 /* NotificationModel.swift */,
			);
			path = Models;
			sourceTree = "<group>";
		};
		02B8292525E8BA5F009D1AF7 = {
			isa = PBXGroup;
			children = (
				02B8293025E8BA5F009D1AF7 /* MusicBox */,
				02B8292F25E8BA5F009D1AF7 /* Products */,
				89E3C73966B0C01E5E3851D8 /* Pods */,
				43C1D2C4EBB07A1D71D5CE03 /* Frameworks */,
			);
			sourceTree = "<group>";
		};
		02B8292F25E8BA5F009D1AF7 /* Products */ = {
			isa = PBXGroup;
			children = (
				02B8292E25E8BA5F009D1AF7 /* MusicBox.app */,
			);
			name = Products;
			sourceTree = "<group>";
		};
		02B8293025E8BA5F009D1AF7 /* MusicBox */ = {
			isa = PBXGroup;
			children = (
				0279279125ED05A800A67B64 /* Models */,
				02B8294925E8BD28009D1AF7 /* View Controllers */,
				02B8294A25E8BD2F009D1AF7 /* Views */,
				02B8294C25E8BD38009D1AF7 /* Delegates */,
				02B8294B25E8BD33009D1AF7 /* Helpers */,
				02B8294D25E8BD3D009D1AF7 /* Resources */,
				02B8293F25E8BA61009D1AF7 /* Info.plist */,
				02B8293925E8BA61009D1AF7 /* Preview Content */,
			);
			path = MusicBox;
			sourceTree = "<group>";
		};
		02B8293925E8BA61009D1AF7 /* Preview Content */ = {
			isa = PBXGroup;
			children = (
				02B8293A25E8BA61009D1AF7 /* Preview Assets.xcassets */,
			);
			path = "Preview Content";
			sourceTree = "<group>";
		};
		02B8294925E8BD28009D1AF7 /* View Controllers */ = {
			isa = PBXGroup;
			children = (
				02D6A27C25F2A933008E7417 /* Core */,
				02B8297125E94409009D1AF7 /* Tab bar */,
				0251CC0525F2AB4F00970D3E /* AlbumDetailVC.swift */,
				0251CC0825F2AB9B00970D3E /* VideoDetailVC.swift */,
			);
			path = "View Controllers";
			sourceTree = "<group>";
		};
		02B8294A25E8BD2F009D1AF7 /* Views */ = {
			isa = PBXGroup;
			children = (
				0213EC7825F927840070AAFF /* VideoHeader.swift */,
				02ABC57725FA183A00917B85 /* WriteCommentView.swift */,
				021DB93D25E9FF3A006227BA /* CollectionView */,
			);
			path = Views;
			sourceTree = "<group>";
		};
		02B8294B25E8BD33009D1AF7 /* Helpers */ = {
			isa = PBXGroup;
			children = (
				02B8295225E8BE2A009D1AF7 /* UIColor+extension.swift */,
				02ABC57C25FA6CCF00917B85 /* UIView+extension.swift */,
			);
			path = Helpers;
			sourceTree = "<group>";
		};
		02B8294C25E8BD38009D1AF7 /* Delegates */ = {
			isa = PBXGroup;
			children = (
				02B8293125E8BA5F009D1AF7 /* AppDelegate.swift */,
				02B8293325E8BA60009D1AF7 /* SceneDelegate.swift */,
				02ABC58525FA731A00917B85 /* WriteCommentViewDelegate.swift */,
			);
			path = Delegates;
			sourceTree = "<group>";
		};
		02B8294D25E8BD3D009D1AF7 /* Resources */ = {
			isa = PBXGroup;
			children = (
				02B8293725E8BA61009D1AF7 /* Assets.xcassets */,
				02B8293C25E8BA61009D1AF7 /* LaunchScreen.storyboard */,
			);
			path = Resources;
			sourceTree = "<group>";
		};
		02B8297125E94409009D1AF7 /* Tab bar */ = {
			isa = PBXGroup;
			children = (
				02B8295F25E8C5F7009D1AF7 /* MKTabBarController.swift */,
				021DB93425E9449F006227BA /* MKTabItemData.swift */,
				021DB93725E944BE006227BA /* MKTabBar.swift */,
			);
			path = "Tab bar";
			sourceTree = "<group>";
		};
		02D6A27C25F2A933008E7417 /* Core */ = {
			isa = PBXGroup;
			children = (
				02B8294F25E8BD64009D1AF7 /* HomeVC.swift */,
				02B8296325E8C7B1009D1AF7 /* SearchVC.swift */,
				02B8296625E8C7B7009D1AF7 /* AddNewVC.swift */,
				02B8296925E8C7C0009D1AF7 /* NotificationVC.swift */,
				02B8296C25E8C7C7009D1AF7 /* ProfileVC.swift */,
			);
			path = Core;
			sourceTree = "<group>";
		};
		43C1D2C4EBB07A1D71D5CE03 /* Frameworks */ = {
			isa = PBXGroup;
			children = (
				AF3518C0D0676DD59DDC5793 /* Pods_MusicBox.framework */,
			);
			name = Frameworks;
			sourceTree = "<group>";
		};
		89E3C73966B0C01E5E3851D8 /* Pods */ = {
			isa = PBXGroup;
			children = (
				A7C58F27C55382FEF71BF315 /* Pods-MusicBox.debug.xcconfig */,
				1E7E6214F3D705B70630745B /* Pods-MusicBox.release.xcconfig */,
			);
			path = Pods;
			sourceTree = "<group>";
		};
/* End PBXGroup section */

/* Begin PBXNativeTarget section */
		02B8292D25E8BA5F009D1AF7 /* MusicBox */ = {
			isa = PBXNativeTarget;
			buildConfigurationList = 02B8294225E8BA61009D1AF7 /* Build configuration list for PBXNativeTarget "MusicBox" */;
			buildPhases = (
				5E784A4A20ECF007C64EF420 /* [CP] Check Pods Manifest.lock */,
				02B8292A25E8BA5F009D1AF7 /* Sources */,
				02B8292B25E8BA5F009D1AF7 /* Frameworks */,
				02B8292C25E8BA5F009D1AF7 /* Resources */,
				F13A198B487295517EB36557 /* [CP] Embed Pods Frameworks */,
			);
			buildRules = (
			);
			dependencies = (
			);
			name = MusicBox;
			productName = MusicBox;
			productReference = 02B8292E25E8BA5F009D1AF7 /* MusicBox.app */;
			productType = "com.apple.product-type.application";
		};
/* End PBXNativeTarget section */

/* Begin PBXProject section */
		02B8292625E8BA5F009D1AF7 /* Project object */ = {
			isa = PBXProject;
			attributes = {
				LastSwiftUpdateCheck = 1220;
				LastUpgradeCheck = 1220;
				TargetAttributes = {
					02B8292D25E8BA5F009D1AF7 = {
						CreatedOnToolsVersion = 12.2;
					};
				};
			};
			buildConfigurationList = 02B8292925E8BA5F009D1AF7 /* Build configuration list for PBXProject "MusicBox" */;
			compatibilityVersion = "Xcode 9.3";
			developmentRegion = en;
			hasScannedForEncodings = 0;
			knownRegions = (
				en,
				Base,
			);
			mainGroup = 02B8292525E8BA5F009D1AF7;
			productRefGroup = 02B8292F25E8BA5F009D1AF7 /* Products */;
			projectDirPath = "";
			projectRoot = "";
			targets = (
				02B8292D25E8BA5F009D1AF7 /* MusicBox */,
			);
		};
/* End PBXProject section */

/* Begin PBXResourcesBuildPhase section */
		02B8292C25E8BA5F009D1AF7 /* Resources */ = {
			isa = PBXResourcesBuildPhase;
			buildActionMask = 2147483647;
			files = (
				02B8293E25E8BA61009D1AF7 /* LaunchScreen.storyboard in Resources */,
				02B8293B25E8BA61009D1AF7 /* Preview Assets.xcassets in Resources */,
				02B8293825E8BA61009D1AF7 /* Assets.xcassets in Resources */,
			);
			runOnlyForDeploymentPostprocessing = 0;
		};
/* End PBXResourcesBuildPhase section */

/* Begin PBXShellScriptBuildPhase section */
		5E784A4A20ECF007C64EF420 /* [CP] Check Pods Manifest.lock */ = {
			isa = PBXShellScriptBuildPhase;
			buildActionMask = 2147483647;
			files = (
			);
			inputFileListPaths = (
			);
			inputPaths = (
				"${PODS_PODFILE_DIR_PATH}/Podfile.lock",
				"${PODS_ROOT}/Manifest.lock",
			);
			name = "[CP] Check Pods Manifest.lock";
			outputFileListPaths = (
			);
			outputPaths = (
				"$(DERIVED_FILE_DIR)/Pods-MusicBox-checkManifestLockResult.txt",
			);
			runOnlyForDeploymentPostprocessing = 0;
			shellPath = /bin/sh;
			shellScript = "diff \"${PODS_PODFILE_DIR_PATH}/Podfile.lock\" \"${PODS_ROOT}/Manifest.lock\" > /dev/null\nif [ $? != 0 ] ; then\n    # print error to STDERR\n    echo \"error: The sandbox is not in sync with the Podfile.lock. Run 'pod install' or update your CocoaPods installation.\" >&2\n    exit 1\nfi\n# This output is used by Xcode 'outputs' to avoid re-running this script phase.\necho \"SUCCESS\" > \"${SCRIPT_OUTPUT_FILE_0}\"\n";
			showEnvVarsInLog = 0;
		};
		F13A198B487295517EB36557 /* [CP] Embed Pods Frameworks */ = {
			isa = PBXShellScriptBuildPhase;
			buildActionMask = 2147483647;
			files = (
			);
			inputFileListPaths = (
				"${PODS_ROOT}/Target Support Files/Pods-MusicBox/Pods-MusicBox-frameworks-${CONFIGURATION}-input-files.xcfilelist",
			);
			name = "[CP] Embed Pods Frameworks";
			outputFileListPaths = (
				"${PODS_ROOT}/Target Support Files/Pods-MusicBox/Pods-MusicBox-frameworks-${CONFIGURATION}-output-files.xcfilelist",
			);
			runOnlyForDeploymentPostprocessing = 0;
			shellPath = /bin/sh;
			shellScript = "\"${PODS_ROOT}/Target Support Files/Pods-MusicBox/Pods-MusicBox-frameworks.sh\"\n";
			showEnvVarsInLog = 0;
		};
/* End PBXShellScriptBuildPhase section */

/* Begin PBXSourcesBuildPhase section */
		02B8292A25E8BA5F009D1AF7 /* Sources */ = {
			isa = PBXSourcesBuildPhase;
			buildActionMask = 2147483647;
			files = (
				0251CC0C25F2AEFC00970D3E /* ArtistBioCell.swift in Sources */,
				0213EC6825F884E90070AAFF /* SearchBarCell.swift in Sources */,
				02B8296D25E8C7C7009D1AF7 /* ProfileVC.swift in Sources */,
				0288BAEE25F797B700D0EB9C /* AlbumCell.swift in Sources */,
				02B8295025E8BD64009D1AF7 /* HomeVC.swift in Sources */,
				021DB93825E944BE006227BA /* MKTabBar.swift in Sources */,
				0213EC6D25F8DE2B0070AAFF /* SearchSectionHeader.swift in Sources */,
				021DB93525E9449F006227BA /* MKTabItemData.swift in Sources */,
				027927AF25ED3F1E00A67B64 /* StoryCell.swift in Sources */,
				0210D06C25F93E9D00555700 /* CommentCell.swift in Sources */,
				02D6A27925F259E3008E7417 /* ForYouAlbumHeader.swift in Sources */,
				02B8296A25E8C7C0009D1AF7 /* NotificationVC.swift in Sources */,
				0288BAF525F7F87500D0EB9C /* WatchedVideoModel.swift in Sources */,
				0251CC0925F2AB9B00970D3E /* VideoDetailVC.swift in Sources */,
				0288BAFA25F8825D00D0EB9C /* WatchedVideoCell.swift in Sources */,
				02B8293225E8BA5F009D1AF7 /* AppDelegate.swift in Sources */,
				02B8296025E8C5F7009D1AF7 /* MKTabBarController.swift in Sources */,
				02ABC58625FA731A00917B85 /* WriteCommentViewDelegate.swift in Sources */,
				02C24752260759E8005443E6 /* NotificationModel.swift in Sources */,
				0288BAF125F7F3C400D0EB9C /* AlbumHeader.swift in Sources */,
				0213EC7925F927840070AAFF /* VideoHeader.swift in Sources */,
				0213EC7625F90F480070AAFF /* CommentModel.swift in Sources */,
				02B8293425E8BA60009D1AF7 /* SceneDelegate.swift in Sources */,
				02D6A27525F1381C008E7417 /* AlbumModel.swift in Sources */,
				02E19B6125EEAD5D00F15DE4 /* VideoSliderHeader.swift in Sources */,
				02B8296725E8C7B7009D1AF7 /* AddNewVC.swift in Sources */,
				0288BAD825F646A400D0EB9C /* ArtistPhotoHeader.swift in Sources */,
				02B8295325E8BE2A009D1AF7 /* UIColor+extension.swift in Sources */,
				02B8296425E8C7B1009D1AF7 /* SearchVC.swift in Sources */,
				02E19B6425EF4EEC00F15DE4 /* StoryModel.swift in Sources */,
				0279279325ED05BC00A67B64 /* VideoSliderTitleModel.swift in Sources */,
				02ABC57D25FA6CCF00917B85 /* UIView+extension.swift in Sources */,
				02D6A26F25F1356E008E7417 /* StoryHeader.swift in Sources */,
				02575B7B25EE938100DA0AA0 /* VideoSliderCell.swift in Sources */,
				0251CC0625F2AB4F00970D3E /* AlbumDetailVC.swift in Sources */,
				02C2474F260759C3005443E6 /* NotificationCell.swift in Sources */,
				02ABC57825FA183A00917B85 /* WriteCommentView.swift in Sources */,
				02D6A27225F13805008E7417 /* ForYouAlbumCell.swift in Sources */,
			);
			runOnlyForDeploymentPostprocessing = 0;
		};
/* End PBXSourcesBuildPhase section */

/* Begin PBXVariantGroup section */
		02B8293C25E8BA61009D1AF7 /* LaunchScreen.storyboard */ = {
			isa = PBXVariantGroup;
			children = (
				02B8293D25E8BA61009D1AF7 /* Base */,
			);
			name = LaunchScreen.storyboard;
			sourceTree = "<group>";
		};
/* End PBXVariantGroup section */

/* Begin XCBuildConfiguration section */
		02B8294025E8BA61009D1AF7 /* Debug */ = {
			isa = XCBuildConfiguration;
			buildSettings = {
				ALWAYS_SEARCH_USER_PATHS = NO;
				CLANG_ANALYZER_NONNULL = YES;
				CLANG_ANALYZER_NUMBER_OBJECT_CONVERSION = YES_AGGRESSIVE;
				CLANG_CXX_LANGUAGE_STANDARD = "gnu++14";
				CLANG_CXX_LIBRARY = "libc++";
				CLANG_ENABLE_MODULES = YES;
				CLANG_ENABLE_OBJC_ARC = YES;
				CLANG_ENABLE_OBJC_WEAK = YES;
				CLANG_WARN_BLOCK_CAPTURE_AUTORELEASING = YES;
				CLANG_WARN_BOOL_CONVERSION = YES;
				CLANG_WARN_COMMA = YES;
				CLANG_WARN_CONSTANT_CONVERSION = YES;
				CLANG_WARN_DEPRECATED_OBJC_IMPLEMENTATIONS = YES;
				CLANG_WARN_DIRECT_OBJC_ISA_USAGE = YES_ERROR;
				CLANG_WARN_DOCUMENTATION_COMMENTS = YES;
				CLANG_WARN_EMPTY_BODY = YES;
				CLANG_WARN_ENUM_CONVERSION = YES;
				CLANG_WARN_INFINITE_RECURSION = YES;
				CLANG_WARN_INT_CONVERSION = YES;
				CLANG_WARN_NON_LITERAL_NULL_CONVERSION = YES;
				CLANG_WARN_OBJC_IMPLICIT_RETAIN_SELF = YES;
				CLANG_WARN_OBJC_LITERAL_CONVERSION = YES;
				CLANG_WARN_OBJC_ROOT_CLASS = YES_ERROR;
				CLANG_WARN_QUOTED_INCLUDE_IN_FRAMEWORK_HEADER = YES;
				CLANG_WARN_RANGE_LOOP_ANALYSIS = YES;
				CLANG_WARN_STRICT_PROTOTYPES = YES;
				CLANG_WARN_SUSPICIOUS_MOVE = YES;
				CLANG_WARN_UNGUARDED_AVAILABILITY = YES_AGGRESSIVE;
				CLANG_WARN_UNREACHABLE_CODE = YES;
				CLANG_WARN__DUPLICATE_METHOD_MATCH = YES;
				COPY_PHASE_STRIP = NO;
				DEBUG_INFORMATION_FORMAT = dwarf;
				ENABLE_STRICT_OBJC_MSGSEND = YES;
				ENABLE_TESTABILITY = YES;
				GCC_C_LANGUAGE_STANDARD = gnu11;
				GCC_DYNAMIC_NO_PIC = NO;
				GCC_NO_COMMON_BLOCKS = YES;
				GCC_OPTIMIZATION_LEVEL = 0;
				GCC_PREPROCESSOR_DEFINITIONS = (
					"DEBUG=1",
					"$(inherited)",
				);
				GCC_WARN_64_TO_32_BIT_CONVERSION = YES;
				GCC_WARN_ABOUT_RETURN_TYPE = YES_ERROR;
				GCC_WARN_UNDECLARED_SELECTOR = YES;
				GCC_WARN_UNINITIALIZED_AUTOS = YES_AGGRESSIVE;
				GCC_WARN_UNUSED_FUNCTION = YES;
				GCC_WARN_UNUSED_VARIABLE = YES;
				IPHONEOS_DEPLOYMENT_TARGET = 14.2;
				MTL_ENABLE_DEBUG_INFO = INCLUDE_SOURCE;
				MTL_FAST_MATH = YES;
				ONLY_ACTIVE_ARCH = YES;
				SDKROOT = iphoneos;
				SWIFT_ACTIVE_COMPILATION_CONDITIONS = DEBUG;
				SWIFT_OPTIMIZATION_LEVEL = "-Onone";
			};
			name = Debug;
		};
		02B8294125E8BA61009D1AF7 /* Release */ = {
			isa = XCBuildConfiguration;
			buildSettings = {
				ALWAYS_SEARCH_USER_PATHS = NO;
				CLANG_ANALYZER_NONNULL = YES;
				CLANG_ANALYZER_NUMBER_OBJECT_CONVERSION = YES_AGGRESSIVE;
				CLANG_CXX_LANGUAGE_STANDARD = "gnu++14";
				CLANG_CXX_LIBRARY = "libc++";
				CLANG_ENABLE_MODULES = YES;
				CLANG_ENABLE_OBJC_ARC = YES;
				CLANG_ENABLE_OBJC_WEAK = YES;
				CLANG_WARN_BLOCK_CAPTURE_AUTORELEASING = YES;
				CLANG_WARN_BOOL_CONVERSION = YES;
				CLANG_WARN_COMMA = YES;
				CLANG_WARN_CONSTANT_CONVERSION = YES;
				CLANG_WARN_DEPRECATED_OBJC_IMPLEMENTATIONS = YES;
				CLANG_WARN_DIRECT_OBJC_ISA_USAGE = YES_ERROR;
				CLANG_WARN_DOCUMENTATION_COMMENTS = YES;
				CLANG_WARN_EMPTY_BODY = YES;
				CLANG_WARN_ENUM_CONVERSION = YES;
				CLANG_WARN_INFINITE_RECURSION = YES;
				CLANG_WARN_INT_CONVERSION = YES;
				CLANG_WARN_NON_LITERAL_NULL_CONVERSION = YES;
				CLANG_WARN_OBJC_IMPLICIT_RETAIN_SELF = YES;
				CLANG_WARN_OBJC_LITERAL_CONVERSION = YES;
				CLANG_WARN_OBJC_ROOT_CLASS = YES_ERROR;
				CLANG_WARN_QUOTED_INCLUDE_IN_FRAMEWORK_HEADER = YES;
				CLANG_WARN_RANGE_LOOP_ANALYSIS = YES;
				CLANG_WARN_STRICT_PROTOTYPES = YES;
				CLANG_WARN_SUSPICIOUS_MOVE = YES;
				CLANG_WARN_UNGUARDED_AVAILABILITY = YES_AGGRESSIVE;
				CLANG_WARN_UNREACHABLE_CODE = YES;
				CLANG_WARN__DUPLICATE_METHOD_MATCH = YES;
				COPY_PHASE_STRIP = NO;
				DEBUG_INFORMATION_FORMAT = "dwarf-with-dsym";
				ENABLE_NS_ASSERTIONS = NO;
				ENABLE_STRICT_OBJC_MSGSEND = YES;
				GCC_C_LANGUAGE_STANDARD = gnu11;
				GCC_NO_COMMON_BLOCKS = YES;
				GCC_WARN_64_TO_32_BIT_CONVERSION = YES;
				GCC_WARN_ABOUT_RETURN_TYPE = YES_ERROR;
				GCC_WARN_UNDECLARED_SELECTOR = YES;
				GCC_WARN_UNINITIALIZED_AUTOS = YES_AGGRESSIVE;
				GCC_WARN_UNUSED_FUNCTION = YES;
				GCC_WARN_UNUSED_VARIABLE = YES;
				IPHONEOS_DEPLOYMENT_TARGET = 14.2;
				MTL_ENABLE_DEBUG_INFO = NO;
				MTL_FAST_MATH = YES;
				SDKROOT = iphoneos;
				SWIFT_COMPILATION_MODE = wholemodule;
				SWIFT_OPTIMIZATION_LEVEL = "-O";
				VALIDATE_PRODUCT = YES;
			};
			name = Release;
		};
		02B8294325E8BA61009D1AF7 /* Debug */ = {
			isa = XCBuildConfiguration;
			baseConfigurationReference = A7C58F27C55382FEF71BF315 /* Pods-MusicBox.debug.xcconfig */;
			buildSettings = {
				ASSETCATALOG_COMPILER_APPICON_NAME = AppIcon;
				ASSETCATALOG_COMPILER_GLOBAL_ACCENT_COLOR_NAME = AccentColor;
				CODE_SIGN_STYLE = Automatic;
				DEVELOPMENT_ASSET_PATHS = "\"MusicBox/Preview Content\"";
				DEVELOPMENT_TEAM = 5YBNKRN22U;
				ENABLE_PREVIEWS = YES;
				INFOPLIST_FILE = MusicBox/Info.plist;
				LD_RUNPATH_SEARCH_PATHS = (
					"$(inherited)",
					"@executable_path/Frameworks",
				);
				PRODUCT_BUNDLE_IDENTIFIER = edu.uy.monkey.kyaw.MusicBox;
				PRODUCT_NAME = "$(TARGET_NAME)";
				SWIFT_VERSION = 5.0;
				TARGETED_DEVICE_FAMILY = "1,2";
			};
			name = Debug;
		};
		02B8294425E8BA61009D1AF7 /* Release */ = {
			isa = XCBuildConfiguration;
			baseConfigurationReference = 1E7E6214F3D705B70630745B /* Pods-MusicBox.release.xcconfig */;
			buildSettings = {
				ASSETCATALOG_COMPILER_APPICON_NAME = AppIcon;
				ASSETCATALOG_COMPILER_GLOBAL_ACCENT_COLOR_NAME = AccentColor;
				CODE_SIGN_STYLE = Automatic;
				DEVELOPMENT_ASSET_PATHS = "\"MusicBox/Preview Content\"";
				DEVELOPMENT_TEAM = 5YBNKRN22U;
				ENABLE_PREVIEWS = YES;
				INFOPLIST_FILE = MusicBox/Info.plist;
				LD_RUNPATH_SEARCH_PATHS = (
					"$(inherited)",
					"@executable_path/Frameworks",
				);
				PRODUCT_BUNDLE_IDENTIFIER = edu.uy.monkey.kyaw.MusicBox;
				PRODUCT_NAME = "$(TARGET_NAME)";
				SWIFT_VERSION = 5.0;
				TARGETED_DEVICE_FAMILY = "1,2";
			};
			name = Release;
		};
/* End XCBuildConfiguration section */

/* Begin XCConfigurationList section */
		02B8292925E8BA5F009D1AF7 /* Build configuration list for PBXProject "MusicBox" */ = {
			isa = XCConfigurationList;
			buildConfigurations = (
				02B8294025E8BA61009D1AF7 /* Debug */,
				02B8294125E8BA61009D1AF7 /* Release */,
			);
			defaultConfigurationIsVisible = 0;
			defaultConfigurationName = Release;
		};
		02B8294225E8BA61009D1AF7 /* Build configuration list for PBXNativeTarget "MusicBox" */ = {
			isa = XCConfigurationList;
			buildConfigurations = (
				02B8294325E8BA61009D1AF7 /* Debug */,
				02B8294425E8BA61009D1AF7 /* Release */,
			);
			defaultConfigurationIsVisible = 0;
			defaultConfigurationName = Release;
		};
/* End XCConfigurationList section */
	};
	rootObject = 02B8292625E8BA5F009D1AF7 /* Project object */;
}
